
Microsoft Visual Studio Solution File, Format Version 12.00
# Visual Studio Version 16
VisualStudioVersion = 16.0.31424.327
MinimumVisualStudioVersion = 10.0.40219.1
Project("{FAE04EC0-301F-11D3-BF4B-00C04F79EFBC}") = "MetricsManagerController", "MetricsManagerController.csproj", "{CC1B3108-A431-4384-BED1-29B7A96D1313}"
EndProject
Project("{FAE04EC0-301F-11D3-BF4B-00C04F79EFBC}") = "Core", "..\Core\Core.csproj", "{3E2EB66E-9374-48C1-95BA-0668BED8D5A9}"
EndProject
Project("{FAE04EC0-301F-11D3-BF4B-00C04F79EFBC}") = "MetricsManagerServices", "..\MetricsManagerServices\MetricsManagerServices.csproj", "{256C3D50-E3F5-4F85-8662-2557B97B57DE}"
EndProject
Global
	GlobalSection(SolutionConfigurationPlatforms) = preSolution
		Debug|Any CPU = Debug|Any CPU
		Release|Any CPU = Release|Any CPU
	EndGlobalSection
	GlobalSection(ProjectConfigurationPlatforms) = postSolution
		{CC1B3108-A431-4384-BED1-29B7A96D1313}.Debug|Any CPU.ActiveCfg = Debug|Any CPU
		{CC1B3108-A431-4384-BED1-29B7A96D1313}.Debug|Any CPU.Build.0 = Debug|Any CPU
		{CC1B3108-A431-4384-BED1-29B7A96D1313}.Release|Any CPU.ActiveCfg = Release|Any CPU
		{CC1B3108-A431-4384-BED1-29B7A96D1313}.Release|Any CPU.Build.0 = Release|Any CPU
		{3E2EB66E-9374-48C1-95BA-0668BED8D5A9}.Debug|Any CPU.ActiveCfg = Debug|Any CPU
		{3E2EB66E-9374-48C1-95BA-0668BED8D5A9}.Debug|Any CPU.Build.0 = Debug|Any CPU
		{3E2EB66E-9374-48C1-95BA-0668BED8D5A9}.Release|Any CPU.ActiveCfg = Release|Any CPU
		{3E2EB66E-9374-48C1-95BA-0668BED8D5A9}.Release|Any CPU.Build.0 = Release|Any CPU
		{256C3D50-E3F5-4F85-8662-2557B97B57DE}.Debug|Any CPU.ActiveCfg = Debug|Any CPU
		{256C3D50-E3F5-4F85-8662-2557B97B57DE}.Debug|Any CPU.Build.0 = Debug|Any CPU
		{256C3D50-E3F5-4F85-8662-2557B97B57DE}.Release|Any CPU.ActiveCfg = Release|Any CPU
		{256C3D50-E3F5-4F85-8662-2557B97B57DE}.Release|Any CPU.Build.0 = Release|Any CPU
	EndGlobalSection
	GlobalSection(SolutionProperties) = preSolution
		HideSolutionNode = FALSE
	EndGlobalSection
	GlobalSection(ExtensibilityGlobals) = postSolution
		SolutionGuid = {4EE6371F-8E31-4AB6-8A9F-928950454978}
	EndGlobalSection
EndGlobal
